
Microsoft Visual Studio Solution File, Format Version 12.00
# Visual Studio Version 17
VisualStudioVersion = 17.7.34031.279
MinimumVisualStudioVersion = 10.0.40219.1
Project("{FAE04EC0-301F-11D3-BF4B-00C04F79EFBC}") = "eagles-food-backend", "eagles-food-backend\eagles-food-backend.csproj", "{B1E3790D-CB29-48BB-844D-FBF0DC8DB103}"
EndProject
Global
	GlobalSection(SolutionConfigurationPlatforms) = preSolution
		Debug|Any CPU = Debug|Any CPU
		Release|Any CPU = Release|Any CPU
	EndGlobalSection
	GlobalSection(ProjectConfigurationPlatforms) = postSolution
		{B1E3790D-CB29-48BB-844D-FBF0DC8DB103}.Debug|Any CPU.ActiveCfg = Debug|Any CPU
		{B1E3790D-CB29-48BB-844D-FBF0DC8DB103}.Debug|Any CPU.Build.0 = Debug|Any CPU
		{B1E3790D-CB29-48BB-844D-FBF0DC8DB103}.Release|Any CPU.ActiveCfg = Release|Any CPU
		{B1E3790D-CB29-48BB-844D-FBF0DC8DB103}.Release|Any CPU.Build.0 = Release|Any CPU
	EndGlobalSection
	GlobalSection(SolutionProperties) = preSolution
		HideSolutionNode = FALSE
	EndGlobalSection
	GlobalSection(ExtensibilityGlobals) = postSolution
		SolutionGuid = {A17A11DA-7182-447F-BA3F-F114FCDCE86F}
	EndGlobalSection
EndGlobal
